
Microsoft Visual Studio Solution File, Format Version 12.00
# Visual Studio Version 16
VisualStudioVersion = 16.0.29905.134
MinimumVisualStudioVersion = 10.0.40219.1
Project("{FAE04EC0-301F-11D3-BF4B-00C04F79EFBC}") = "CokKatmanlıAgModeli", "CokKatmanlıAgModeli\CokKatmanlıAgModeli.csproj", "{70FF49A3-E826-4786-9FB4-788E880A6973}"
EndProject
Global
	GlobalSection(SolutionConfigurationPlatforms) = preSolution
		Debug|Any CPU = Debug|Any CPU
		Release|Any CPU = Release|Any CPU
	EndGlobalSection
	GlobalSection(ProjectConfigurationPlatforms) = postSolution
		{70FF49A3-E826-4786-9FB4-788E880A6973}.Debug|Any CPU.ActiveCfg = Debug|Any CPU
		{70FF49A3-E826-4786-9FB4-788E880A6973}.Debug|Any CPU.Build.0 = Debug|Any CPU
		{70FF49A3-E826-4786-9FB4-788E880A6973}.Release|Any CPU.ActiveCfg = Release|Any CPU
		{70FF49A3-E826-4786-9FB4-788E880A6973}.Release|Any CPU.Build.0 = Release|Any CPU
	EndGlobalSection
	GlobalSection(SolutionProperties) = preSolution
		HideSolutionNode = FALSE
	EndGlobalSection
	GlobalSection(ExtensibilityGlobals) = postSolution
		SolutionGuid = {20DCCA7D-1731-4290-AAE7-8B0527582D23}
	EndGlobalSection
EndGlobal
